
Microsoft Visual Studio Solution File, Format Version 11.00
# Visual Studio 2010
Project("{FAE04EC0-301F-11D3-BF4B-00C04F79EFBC}") = "Domotech.iRemote", "Domotech.iRemote\Domotech.iRemote.csproj", "{8574BACD-BCFF-4CEA-8655-695C0F71CDAA}"
EndProject
Global
	GlobalSection(SolutionConfigurationPlatforms) = preSolution
		Debug|Any CPU = Debug|Any CPU
		Release|Any CPU = Release|Any CPU
	EndGlobalSection
	GlobalSection(ProjectConfigurationPlatforms) = postSolution
		{8574BACD-BCFF-4CEA-8655-695C0F71CDAA}.Debug|Any CPU.ActiveCfg = Debug|Any CPU
		{8574BACD-BCFF-4CEA-8655-695C0F71CDAA}.Debug|Any CPU.Build.0 = Debug|Any CPU
		{8574BACD-BCFF-4CEA-8655-695C0F71CDAA}.Release|Any CPU.ActiveCfg = Release|Any CPU
		{8574BACD-BCFF-4CEA-8655-695C0F71CDAA}.Release|Any CPU.Build.0 = Release|Any CPU
	EndGlobalSection
	GlobalSection(SolutionProperties) = preSolution
		HideSolutionNode = FALSE
	EndGlobalSection
EndGlobal
