
Microsoft Visual Studio Solution File, Format Version 12.00
# Visual Studio Version 16
VisualStudioVersion = 16.0.30011.22
MinimumVisualStudioVersion = 10.0.40219.1
Project("{FAE04EC0-301F-11D3-BF4B-00C04F79EFBC}") = "Domotech.iRemote", "Domotech.iRemote\Domotech.iRemote.csproj", "{8574BACD-BCFF-4CEA-8655-695C0F71CDAA}"
EndProject
Project("{2150E333-8FDC-42A3-9474-1A3956D46DE8}") = "Solution Items", "Solution Items", "{AB25C73A-7F1C-4962-B590-7F224B8D6617}"
	ProjectSection(SolutionItems) = preProject
		README.md = README.md
	EndProjectSection
EndProject
Global
	GlobalSection(SolutionConfigurationPlatforms) = preSolution
		Debug|Any CPU = Debug|Any CPU
		Release|Any CPU = Release|Any CPU
	EndGlobalSection
	GlobalSection(ProjectConfigurationPlatforms) = postSolution
		{8574BACD-BCFF-4CEA-8655-695C0F71CDAA}.Debug|Any CPU.ActiveCfg = Debug|Any CPU
		{8574BACD-BCFF-4CEA-8655-695C0F71CDAA}.Debug|Any CPU.Build.0 = Debug|Any CPU
		{8574BACD-BCFF-4CEA-8655-695C0F71CDAA}.Release|Any CPU.ActiveCfg = Release|Any CPU
		{8574BACD-BCFF-4CEA-8655-695C0F71CDAA}.Release|Any CPU.Build.0 = Release|Any CPU
	EndGlobalSection
	GlobalSection(SolutionProperties) = preSolution
		HideSolutionNode = FALSE
	EndGlobalSection
	GlobalSection(ExtensibilityGlobals) = postSolution
		SolutionGuid = {0CDCD0D7-0546-4BF7-A99B-E5C5A3401B57}
	EndGlobalSection
EndGlobal
